{
  "meteor": {
    "git": "https://github.com/meteor/meteor.git",
    "branch": "master",
    "commit": "5d736d4bf0448c7db1f9b47124dfafc34a9631bb"
  },
  "dependencies": {
    "basePackages": {
      "bootstrap-updated": {},
      "i18n": {},
      "i18next-meteor": {},
      "carouFredSel": {},
      "jquery-ui": {}
    },
    "packages": {
      "bootstrap-updated": {
        "git": "https://github.com/Charuru/bootstrap-updated.git",
        "tag": "v1.0.1",
        "commit": "bdd5fcc8e134e62bcbb9d11aad8270534ffb6493"
      },
      "i18n": {
        "git": "https://github.com/jerico-dev/meteor-i18n.git",
        "tag": "v0.0.9",
        "commit": "2cd6c72107a0d4afde57fb765ce9d57ad8ba43e2"
      },
      "i18next-meteor": {
        "git": "https://github.com/ckir/i18next-meteor.git",
        "tag": "v1.6.0",
        "commit": "6d922cc0adea92904e51a2a153d26dd66fb2789d"
      },
      "carouFredSel": {
        "git": "https://github.com/mangasocial/meteor-carouFredSel.git",
        "tag": "v0.1.1",
        "commit": "058f3031c7fbaba3ffefabb167e67e3b10b63b4f"
      },
      "jquery-ui": {
        "git": "https://github.com/TimHeckel/meteor-jquery-ui.git",
        "tag": "v1.9.2",
        "commit": "c437d45edcf1367df8d5ffa8bad2867758030bd2"
      }
    }
  }
}
